{
  "lockfileVersion": 1,
  "configVersion": 1,
  "workspaces": {
    "": {
      "name": "openchamber-live-tps",
      "dependencies": {
        "@openchamber/sdk": "2.0.4",
      },
      "devDependencies": {
        "@types/node": "^22.20.3",
      },
    },
  },
  "packages": {
    "@openchamber/sdk": ["@openchamber/sdk@2.0.4", "", { "dependencies": { "zod": "^4.3.6" }, "bin": { "openchamber-guest-bundle": "scripts/bundle-guest.ts" } }, "sha512-4GXscRfEQPZbGOU5x81ZjJbQ1qL1rAnb5StfkwLVwkLuMrgNsOBeOhaY/3zHbmKb+CIKQaRGonFbHZRtBxVnJw=="],

    "@types/node": ["@types/node@22.20.4", "", { "dependencies": { "undici-types": "~6.21.0" } }, "sha512-zJRE40jpHtKqE/C4fgHrAKQLJuSpzEnP9ff9Y7YtoR3Wd2pwqzlekDeEuUQXjRd+QCYnVnNwuJYmhdk9XV8gvA=="],

    "undici-types": ["undici-types@6.21.0", "", {}, "sha512-iwDZqg0QAGrg9Rav5H4n0M64c3mkR59cJ6wQp+7C4nI0gsmExaedaYLNO44eT4AtBBwjbTiGPMlt2Md0T9H9JQ=="],

    "zod": ["zod@4.6.5", "", {}, "sha512-v5l/aFXZQeai4awLbOpSoHecE9UiMrnfx75tEXLjNonXVARxQ5mOeipTjROUchszUNCqnE+hqAMujRsRHsut2Q=="],
  }
}
